{
  "name": "Narra",
  "version": "0.0.0",
  "lockfileVersion": 3,
  "requires": true,
  "type": "module",
  "packages": {},
  "devDependencies": {
    "@types/react": "^18.3.3",
    "@types/react-dom": "^18.3.0",
    "@vitejs/plugin-react": "^4.3.1",
    "vite": "^5.4.0"
  },
  "scripts": {
    "build": "vite build",
    "dev": "node --max-http-header-size=32768 node_modules/vite/bin/vite.js",
    "preview": "vite preview"
  }
}
